
Microsoft Visual Studio Solution File, Format Version 12.00
# Visual Studio Version 17
VisualStudioVersion = 17.8.34330.188
MinimumVisualStudioVersion = 10.0.40219.1
Project("{FAE04EC0-301F-11D3-BF4B-00C04F79EFBC}") = "QuanLyGiay", "QuanLyGiay\QuanLyGiay.csproj", "{B8CCADAB-A840-4207-BCE6-B286CA52B75F}"
EndProject
Project("{FAE04EC0-301F-11D3-BF4B-00C04F79EFBC}") = "CommonControl", "CommonControl\CommonControl.csproj", "{E116C7A5-8A8D-4D83-B84B-2EF10AB04089}"
EndProject
Project("{FAE04EC0-301F-11D3-BF4B-00C04F79EFBC}") = "MaySong", "MaySong\MaySong.csproj", "{858E9974-654C-4633-9871-A702DA76340E}"
EndProject
Project("{FAE04EC0-301F-11D3-BF4B-00C04F79EFBC}") = "MayXa", "MayXa\MayXa.csproj", "{F79237EE-5A79-4780-A2EC-D09F21C57D53}"
EndProject
Project("{FAE04EC0-301F-11D3-BF4B-00C04F79EFBC}") = "TestProject", "TestProject\TestProject.csproj", "{0177D7E3-55B1-40DE-95F4-72E6E096CCEA}"
EndProject
Project("{FAE04EC0-301F-11D3-BF4B-00C04F79EFBC}") = "MayMen", "MayMen\MayMen.csproj", "{CF6974BE-D799-4CCF-AECE-DF422173BFC7}"
EndProject
Global
	GlobalSection(SolutionConfigurationPlatforms) = preSolution
		Debug|Any CPU = Debug|Any CPU
		Release|Any CPU = Release|Any CPU
	EndGlobalSection
	GlobalSection(ProjectConfigurationPlatforms) = postSolution
		{B8CCADAB-A840-4207-BCE6-B286CA52B75F}.Debug|Any CPU.ActiveCfg = Debug|Any CPU
		{B8CCADAB-A840-4207-BCE6-B286CA52B75F}.Debug|Any CPU.Build.0 = Debug|Any CPU
		{B8CCADAB-A840-4207-BCE6-B286CA52B75F}.Release|Any CPU.ActiveCfg = Release|Any CPU
		{B8CCADAB-A840-4207-BCE6-B286CA52B75F}.Release|Any CPU.Build.0 = Release|Any CPU
		{E116C7A5-8A8D-4D83-B84B-2EF10AB04089}.Debug|Any CPU.ActiveCfg = Debug|Any CPU
		{E116C7A5-8A8D-4D83-B84B-2EF10AB04089}.Debug|Any CPU.Build.0 = Debug|Any CPU
		{E116C7A5-8A8D-4D83-B84B-2EF10AB04089}.Release|Any CPU.ActiveCfg = Release|Any CPU
		{E116C7A5-8A8D-4D83-B84B-2EF10AB04089}.Release|Any CPU.Build.0 = Release|Any CPU
		{858E9974-654C-4633-9871-A702DA76340E}.Debug|Any CPU.ActiveCfg = Debug|Any CPU
		{858E9974-654C-4633-9871-A702DA76340E}.Debug|Any CPU.Build.0 = Debug|Any CPU
		{858E9974-654C-4633-9871-A702DA76340E}.Release|Any CPU.ActiveCfg = Release|Any CPU
		{858E9974-654C-4633-9871-A702DA76340E}.Release|Any CPU.Build.0 = Release|Any CPU
		{F79237EE-5A79-4780-A2EC-D09F21C57D53}.Debug|Any CPU.ActiveCfg = Debug|Any CPU
		{F79237EE-5A79-4780-A2EC-D09F21C57D53}.Debug|Any CPU.Build.0 = Debug|Any CPU
		{F79237EE-5A79-4780-A2EC-D09F21C57D53}.Release|Any CPU.ActiveCfg = Release|Any CPU
		{F79237EE-5A79-4780-A2EC-D09F21C57D53}.Release|Any CPU.Build.0 = Release|Any CPU
		{0177D7E3-55B1-40DE-95F4-72E6E096CCEA}.Debug|Any CPU.ActiveCfg = Debug|Any CPU
		{0177D7E3-55B1-40DE-95F4-72E6E096CCEA}.Debug|Any CPU.Build.0 = Debug|Any CPU
		{0177D7E3-55B1-40DE-95F4-72E6E096CCEA}.Release|Any CPU.ActiveCfg = Release|Any CPU
		{0177D7E3-55B1-40DE-95F4-72E6E096CCEA}.Release|Any CPU.Build.0 = Release|Any CPU
		{CF6974BE-D799-4CCF-AECE-DF422173BFC7}.Debug|Any CPU.ActiveCfg = Debug|Any CPU
		{CF6974BE-D799-4CCF-AECE-DF422173BFC7}.Debug|Any CPU.Build.0 = Debug|Any CPU
		{CF6974BE-D799-4CCF-AECE-DF422173BFC7}.Release|Any CPU.ActiveCfg = Release|Any CPU
		{CF6974BE-D799-4CCF-AECE-DF422173BFC7}.Release|Any CPU.Build.0 = Release|Any CPU
	EndGlobalSection
	GlobalSection(SolutionProperties) = preSolution
		HideSolutionNode = FALSE
	EndGlobalSection
	GlobalSection(ExtensibilityGlobals) = postSolution
		SolutionGuid = {53F44CDD-B186-4E3C-91BC-F30E51123F2F}
	EndGlobalSection
EndGlobal
